
Microsoft Visual Studio Solution File, Format Version 12.00
# Visual Studio Version 17
VisualStudioVersion = 17.0.32112.339
MinimumVisualStudioVersion = 10.0.40219.1
Project("{FAE04EC0-301F-11D3-BF4B-00C04F79EFBC}") = "SerilogConsoleApp01", "SerilogConsoleApp01\SerilogConsoleApp01.csproj", "{B8E5E512-5E3A-46F6-B3F0-130A3251A003}"
EndProject
Global
	GlobalSection(SolutionConfigurationPlatforms) = preSolution
		Debug|Any CPU = Debug|Any CPU
		Release|Any CPU = Release|Any CPU
	EndGlobalSection
	GlobalSection(ProjectConfigurationPlatforms) = postSolution
		{B8E5E512-5E3A-46F6-B3F0-130A3251A003}.Debug|Any CPU.ActiveCfg = Debug|Any CPU
		{B8E5E512-5E3A-46F6-B3F0-130A3251A003}.Debug|Any CPU.Build.0 = Debug|Any CPU
		{B8E5E512-5E3A-46F6-B3F0-130A3251A003}.Release|Any CPU.ActiveCfg = Release|Any CPU
		{B8E5E512-5E3A-46F6-B3F0-130A3251A003}.Release|Any CPU.Build.0 = Release|Any CPU
	EndGlobalSection
	GlobalSection(SolutionProperties) = preSolution
		HideSolutionNode = FALSE
	EndGlobalSection
	GlobalSection(ExtensibilityGlobals) = postSolution
		SolutionGuid = {F5D802E4-153C-4C3D-A8A0-733B32D5D446}
	EndGlobalSection
EndGlobal
