
Microsoft Visual Studio Solution File, Format Version 12.00
# Visual Studio Version 17
VisualStudioVersion = 17.0.32112.339
MinimumVisualStudioVersion = 10.0.40219.1
Project("{9A19103F-16F7-4668-BE54-9A1E7A4F7556}") = "ADONetDemos", "ADONetDemos\ADONetDemos.csproj", "{71E58DE6-E774-4252-B767-E9282D448E4F}"
EndProject
Project("{FAE04EC0-301F-11D3-BF4B-00C04F79EFBC}") = "RepoUnitOfWorkDP", "RepoUnitOfWorkDP\RepoUnitOfWorkDP.csproj", "{9EB0E038-9B65-42DB-863D-F97441F53F1E}"
EndProject
Global
	GlobalSection(SolutionConfigurationPlatforms) = preSolution
		Debug|Any CPU = Debug|Any CPU
		Release|Any CPU = Release|Any CPU
	EndGlobalSection
	GlobalSection(ProjectConfigurationPlatforms) = postSolution
		{71E58DE6-E774-4252-B767-E9282D448E4F}.Debug|Any CPU.ActiveCfg = Debug|Any CPU
		{71E58DE6-E774-4252-B767-E9282D448E4F}.Debug|Any CPU.Build.0 = Debug|Any CPU
		{71E58DE6-E774-4252-B767-E9282D448E4F}.Release|Any CPU.ActiveCfg = Release|Any CPU
		{71E58DE6-E774-4252-B767-E9282D448E4F}.Release|Any CPU.Build.0 = Release|Any CPU
		{9EB0E038-9B65-42DB-863D-F97441F53F1E}.Debug|Any CPU.ActiveCfg = Debug|Any CPU
		{9EB0E038-9B65-42DB-863D-F97441F53F1E}.Debug|Any CPU.Build.0 = Debug|Any CPU
		{9EB0E038-9B65-42DB-863D-F97441F53F1E}.Release|Any CPU.ActiveCfg = Release|Any CPU
		{9EB0E038-9B65-42DB-863D-F97441F53F1E}.Release|Any CPU.Build.0 = Release|Any CPU
	EndGlobalSection
	GlobalSection(SolutionProperties) = preSolution
		HideSolutionNode = FALSE
	EndGlobalSection
	GlobalSection(ExtensibilityGlobals) = postSolution
		SolutionGuid = {5A31815B-7738-49F1-BD04-64000659A3F2}
	EndGlobalSection
EndGlobal
