
Microsoft Visual Studio Solution File, Format Version 12.00
# Visual Studio Version 17
VisualStudioVersion = 17.6.33829.357
MinimumVisualStudioVersion = 10.0.40219.1
Project("{9A19103F-16F7-4668-BE54-9A1E7A4F7556}") = "GraphQL-Intro", "GraphQL-Intro\GraphQL-Intro.csproj", "{AB01039D-A172-4FC4-B7F0-E99DB2F50CD1}"
EndProject
Project("{9A19103F-16F7-4668-BE54-9A1E7A4F7556}") = "GraphQL-GamesReviewsAuthors", "GraphQL-GamesReviewsAuthors\GraphQL-GamesReviewsAuthors.csproj", "{C1293DFE-BF6E-4267-A17A-824EC5209105}"
EndProject
Project("{FAE04EC0-301F-11D3-BF4B-00C04F79EFBC}") = "GraphQLConsumer", "GraphQLConsumer\GraphQLConsumer.csproj", "{8D9ED61C-66FF-44F4-9661-7B87627DA770}"
EndProject
Global
	GlobalSection(SolutionConfigurationPlatforms) = preSolution
		Debug|Any CPU = Debug|Any CPU
		Release|Any CPU = Release|Any CPU
	EndGlobalSection
	GlobalSection(ProjectConfigurationPlatforms) = postSolution
		{AB01039D-A172-4FC4-B7F0-E99DB2F50CD1}.Debug|Any CPU.ActiveCfg = Debug|Any CPU
		{AB01039D-A172-4FC4-B7F0-E99DB2F50CD1}.Debug|Any CPU.Build.0 = Debug|Any CPU
		{AB01039D-A172-4FC4-B7F0-E99DB2F50CD1}.Release|Any CPU.ActiveCfg = Release|Any CPU
		{AB01039D-A172-4FC4-B7F0-E99DB2F50CD1}.Release|Any CPU.Build.0 = Release|Any CPU
		{C1293DFE-BF6E-4267-A17A-824EC5209105}.Debug|Any CPU.ActiveCfg = Debug|Any CPU
		{C1293DFE-BF6E-4267-A17A-824EC5209105}.Debug|Any CPU.Build.0 = Debug|Any CPU
		{C1293DFE-BF6E-4267-A17A-824EC5209105}.Release|Any CPU.ActiveCfg = Release|Any CPU
		{C1293DFE-BF6E-4267-A17A-824EC5209105}.Release|Any CPU.Build.0 = Release|Any CPU
		{8D9ED61C-66FF-44F4-9661-7B87627DA770}.Debug|Any CPU.ActiveCfg = Debug|Any CPU
		{8D9ED61C-66FF-44F4-9661-7B87627DA770}.Debug|Any CPU.Build.0 = Debug|Any CPU
		{8D9ED61C-66FF-44F4-9661-7B87627DA770}.Release|Any CPU.ActiveCfg = Release|Any CPU
		{8D9ED61C-66FF-44F4-9661-7B87627DA770}.Release|Any CPU.Build.0 = Release|Any CPU
	EndGlobalSection
	GlobalSection(SolutionProperties) = preSolution
		HideSolutionNode = FALSE
	EndGlobalSection
	GlobalSection(ExtensibilityGlobals) = postSolution
		SolutionGuid = {907A448A-DCE6-4773-B46D-17962A94E65D}
	EndGlobalSection
EndGlobal
