
Microsoft Visual Studio Solution File, Format Version 12.00
# Visual Studio Version 17
VisualStudioVersion = 17.6.33723.286
MinimumVisualStudioVersion = 10.0.40219.1
Project("{FAE04EC0-301F-11D3-BF4B-00C04F79EFBC}") = "StandardEntityFramework", "StandardEntityFramework\StandardEntityFramework.csproj", "{17782A57-7F8B-4CA7-81B0-F922F65A0E43}"
EndProject
Project("{FAE04EC0-301F-11D3-BF4B-00C04F79EFBC}") = "EFDBFirst", "EFDBFirst\EFDBFirst.csproj", "{13BFAFA1-9628-4BE4-8F41-45727E1DFDC9}"
EndProject
Project("{FAE04EC0-301F-11D3-BF4B-00C04F79EFBC}") = "EFRelations", "EFRelations\EFRelations.csproj", "{4FBEAC8C-FD7C-4295-96C0-D82A3193D54C}"
EndProject
Project("{FAE04EC0-301F-11D3-BF4B-00C04F79EFBC}") = "EFTxns", "EFTxns\EFTxns.csproj", "{3D28F5E5-45FD-46A9-924D-6B21C03CF6E1}"
EndProject
Project("{FAE04EC0-301F-11D3-BF4B-00C04F79EFBC}") = "EFSeed", "EFSeed\EFSeed.csproj", "{40545377-19AB-4CCE-92D7-AAC958647897}"
EndProject
Global
	GlobalSection(SolutionConfigurationPlatforms) = preSolution
		Debug|Any CPU = Debug|Any CPU
		Release|Any CPU = Release|Any CPU
	EndGlobalSection
	GlobalSection(ProjectConfigurationPlatforms) = postSolution
		{17782A57-7F8B-4CA7-81B0-F922F65A0E43}.Debug|Any CPU.ActiveCfg = Debug|Any CPU
		{17782A57-7F8B-4CA7-81B0-F922F65A0E43}.Debug|Any CPU.Build.0 = Debug|Any CPU
		{17782A57-7F8B-4CA7-81B0-F922F65A0E43}.Release|Any CPU.ActiveCfg = Release|Any CPU
		{17782A57-7F8B-4CA7-81B0-F922F65A0E43}.Release|Any CPU.Build.0 = Release|Any CPU
		{13BFAFA1-9628-4BE4-8F41-45727E1DFDC9}.Debug|Any CPU.ActiveCfg = Debug|Any CPU
		{13BFAFA1-9628-4BE4-8F41-45727E1DFDC9}.Debug|Any CPU.Build.0 = Debug|Any CPU
		{13BFAFA1-9628-4BE4-8F41-45727E1DFDC9}.Release|Any CPU.ActiveCfg = Release|Any CPU
		{13BFAFA1-9628-4BE4-8F41-45727E1DFDC9}.Release|Any CPU.Build.0 = Release|Any CPU
		{4FBEAC8C-FD7C-4295-96C0-D82A3193D54C}.Debug|Any CPU.ActiveCfg = Debug|Any CPU
		{4FBEAC8C-FD7C-4295-96C0-D82A3193D54C}.Debug|Any CPU.Build.0 = Debug|Any CPU
		{4FBEAC8C-FD7C-4295-96C0-D82A3193D54C}.Release|Any CPU.ActiveCfg = Release|Any CPU
		{4FBEAC8C-FD7C-4295-96C0-D82A3193D54C}.Release|Any CPU.Build.0 = Release|Any CPU
		{3D28F5E5-45FD-46A9-924D-6B21C03CF6E1}.Debug|Any CPU.ActiveCfg = Debug|Any CPU
		{3D28F5E5-45FD-46A9-924D-6B21C03CF6E1}.Debug|Any CPU.Build.0 = Debug|Any CPU
		{3D28F5E5-45FD-46A9-924D-6B21C03CF6E1}.Release|Any CPU.ActiveCfg = Release|Any CPU
		{3D28F5E5-45FD-46A9-924D-6B21C03CF6E1}.Release|Any CPU.Build.0 = Release|Any CPU
		{40545377-19AB-4CCE-92D7-AAC958647897}.Debug|Any CPU.ActiveCfg = Debug|Any CPU
		{40545377-19AB-4CCE-92D7-AAC958647897}.Debug|Any CPU.Build.0 = Debug|Any CPU
		{40545377-19AB-4CCE-92D7-AAC958647897}.Release|Any CPU.ActiveCfg = Release|Any CPU
		{40545377-19AB-4CCE-92D7-AAC958647897}.Release|Any CPU.Build.0 = Release|Any CPU
	EndGlobalSection
	GlobalSection(SolutionProperties) = preSolution
		HideSolutionNode = FALSE
	EndGlobalSection
	GlobalSection(ExtensibilityGlobals) = postSolution
		SolutionGuid = {86B37B39-D507-41D1-A497-6CADBA9414E3}
	EndGlobalSection
EndGlobal
