
Microsoft Visual Studio Solution File, Format Version 12.00
# Visual Studio Version 17
VisualStudioVersion = 17.0.32112.339
MinimumVisualStudioVersion = 10.0.40219.1
Project("{FAE04EC0-301F-11D3-BF4B-00C04F79EFBC}") = "MiddlewareDemo", "MiddlewareDemo\MiddlewareDemo.csproj", "{48BBF728-57D4-4C41-83D6-C9BDDFD76903}"
EndProject
Global
	GlobalSection(SolutionConfigurationPlatforms) = preSolution
		Debug|Any CPU = Debug|Any CPU
		Release|Any CPU = Release|Any CPU
	EndGlobalSection
	GlobalSection(ProjectConfigurationPlatforms) = postSolution
		{48BBF728-57D4-4C41-83D6-C9BDDFD76903}.Debug|Any CPU.ActiveCfg = Debug|Any CPU
		{48BBF728-57D4-4C41-83D6-C9BDDFD76903}.Debug|Any CPU.Build.0 = Debug|Any CPU
		{48BBF728-57D4-4C41-83D6-C9BDDFD76903}.Release|Any CPU.ActiveCfg = Release|Any CPU
		{48BBF728-57D4-4C41-83D6-C9BDDFD76903}.Release|Any CPU.Build.0 = Release|Any CPU
	EndGlobalSection
	GlobalSection(SolutionProperties) = preSolution
		HideSolutionNode = FALSE
	EndGlobalSection
	GlobalSection(ExtensibilityGlobals) = postSolution
		SolutionGuid = {855063DD-4AB7-4C46-9D10-E29EEBD86E96}
	EndGlobalSection
EndGlobal
