
Microsoft Visual Studio Solution File, Format Version 12.00
# Visual Studio Version 17
VisualStudioVersion = 17.6.33723.286
MinimumVisualStudioVersion = 10.0.40219.1
Project("{9A19103F-16F7-4668-BE54-9A1E7A4F7556}") = "AzureBlobDemo", "AzureBlobDemo\AzureBlobDemo.csproj", "{13662D39-CD44-4979-8707-AD030CCAF645}"
EndProject
Project("{FAE04EC0-301F-11D3-BF4B-00C04F79EFBC}") = "AzureQueueDemo", "AzureQueueDemo\AzureQueueDemo.csproj", "{25CB6789-CF8E-4981-BF09-70D414AF5AD7}"
EndProject
Project("{FAE04EC0-301F-11D3-BF4B-00C04F79EFBC}") = "AzureCosmosDBTableDemo", "AzureCosmosDBTableDemo\AzureCosmosDBTableDemo.csproj", "{D93D6C2A-09ED-4396-B3C4-9A59C3B2F20C}"
EndProject
Global
	GlobalSection(SolutionConfigurationPlatforms) = preSolution
		Debug|Any CPU = Debug|Any CPU
		Release|Any CPU = Release|Any CPU
	EndGlobalSection
	GlobalSection(ProjectConfigurationPlatforms) = postSolution
		{13662D39-CD44-4979-8707-AD030CCAF645}.Debug|Any CPU.ActiveCfg = Debug|Any CPU
		{13662D39-CD44-4979-8707-AD030CCAF645}.Debug|Any CPU.Build.0 = Debug|Any CPU
		{13662D39-CD44-4979-8707-AD030CCAF645}.Release|Any CPU.ActiveCfg = Release|Any CPU
		{13662D39-CD44-4979-8707-AD030CCAF645}.Release|Any CPU.Build.0 = Release|Any CPU
		{25CB6789-CF8E-4981-BF09-70D414AF5AD7}.Debug|Any CPU.ActiveCfg = Debug|Any CPU
		{25CB6789-CF8E-4981-BF09-70D414AF5AD7}.Debug|Any CPU.Build.0 = Debug|Any CPU
		{25CB6789-CF8E-4981-BF09-70D414AF5AD7}.Release|Any CPU.ActiveCfg = Release|Any CPU
		{25CB6789-CF8E-4981-BF09-70D414AF5AD7}.Release|Any CPU.Build.0 = Release|Any CPU
		{D93D6C2A-09ED-4396-B3C4-9A59C3B2F20C}.Debug|Any CPU.ActiveCfg = Debug|Any CPU
		{D93D6C2A-09ED-4396-B3C4-9A59C3B2F20C}.Debug|Any CPU.Build.0 = Debug|Any CPU
		{D93D6C2A-09ED-4396-B3C4-9A59C3B2F20C}.Release|Any CPU.ActiveCfg = Release|Any CPU
		{D93D6C2A-09ED-4396-B3C4-9A59C3B2F20C}.Release|Any CPU.Build.0 = Release|Any CPU
	EndGlobalSection
	GlobalSection(SolutionProperties) = preSolution
		HideSolutionNode = FALSE
	EndGlobalSection
	GlobalSection(ExtensibilityGlobals) = postSolution
		SolutionGuid = {D888E823-974E-4525-9BFC-DB37B49BC020}
	EndGlobalSection
EndGlobal
