
Microsoft Visual Studio Solution File, Format Version 12.00
# Visual Studio Version 17
VisualStudioVersion = 17.6.33723.286
MinimumVisualStudioVersion = 10.0.40219.1
Project("{9A19103F-16F7-4668-BE54-9A1E7A4F7556}") = "FunctionApp", "FunctionApp\FunctionApp.csproj", "{0CA7D1AA-7034-4EE0-875B-20E38FE374FD}"
EndProject
Project("{9A19103F-16F7-4668-BE54-9A1E7A4F7556}") = "FunctionApp1", "FunctionApp1\FunctionApp1.csproj", "{AC92D9A9-3912-4F3E-BDC5-47013BDEC3BA}"
EndProject
Project("{9A19103F-16F7-4668-BE54-9A1E7A4F7556}") = "DurableFunctionApp", "DurableFunctionApp\DurableFunctionApp.csproj", "{187248D2-89FF-491D-9F70-D878B9FDC978}"
EndProject
Global
	GlobalSection(SolutionConfigurationPlatforms) = preSolution
		Debug|Any CPU = Debug|Any CPU
		Release|Any CPU = Release|Any CPU
	EndGlobalSection
	GlobalSection(ProjectConfigurationPlatforms) = postSolution
		{0CA7D1AA-7034-4EE0-875B-20E38FE374FD}.Debug|Any CPU.ActiveCfg = Debug|Any CPU
		{0CA7D1AA-7034-4EE0-875B-20E38FE374FD}.Debug|Any CPU.Build.0 = Debug|Any CPU
		{0CA7D1AA-7034-4EE0-875B-20E38FE374FD}.Release|Any CPU.ActiveCfg = Release|Any CPU
		{0CA7D1AA-7034-4EE0-875B-20E38FE374FD}.Release|Any CPU.Build.0 = Release|Any CPU
		{AC92D9A9-3912-4F3E-BDC5-47013BDEC3BA}.Debug|Any CPU.ActiveCfg = Debug|Any CPU
		{AC92D9A9-3912-4F3E-BDC5-47013BDEC3BA}.Debug|Any CPU.Build.0 = Debug|Any CPU
		{AC92D9A9-3912-4F3E-BDC5-47013BDEC3BA}.Release|Any CPU.ActiveCfg = Release|Any CPU
		{AC92D9A9-3912-4F3E-BDC5-47013BDEC3BA}.Release|Any CPU.Build.0 = Release|Any CPU
		{187248D2-89FF-491D-9F70-D878B9FDC978}.Debug|Any CPU.ActiveCfg = Debug|Any CPU
		{187248D2-89FF-491D-9F70-D878B9FDC978}.Debug|Any CPU.Build.0 = Debug|Any CPU
		{187248D2-89FF-491D-9F70-D878B9FDC978}.Release|Any CPU.ActiveCfg = Release|Any CPU
		{187248D2-89FF-491D-9F70-D878B9FDC978}.Release|Any CPU.Build.0 = Release|Any CPU
	EndGlobalSection
	GlobalSection(SolutionProperties) = preSolution
		HideSolutionNode = FALSE
	EndGlobalSection
	GlobalSection(ExtensibilityGlobals) = postSolution
		SolutionGuid = {D0E3DFCB-2B7F-4260-9214-A19795440C74}
	EndGlobalSection
EndGlobal
